<Solution>
  <Project Path="FastScriptReload.Editor.csproj" />
  <Project Path="Assembly-CSharp.csproj" />
  <Project Path="PrimeTween.Demo.csproj" />
  <Project Path="FastScriptReload.Runtime.csproj" />
  <Project Path="PrimeTween.Debug.csproj" />
  <Project Path="PrimeTween.Installer.csproj" />
</Solution>
